
Microsoft Visual Studio Solution File, Format Version 12.00
# Visual Studio Version 17
VisualStudioVersion = 17.0.31903.59
MinimumVisualStudioVersion = 10.0.40219.1
Project("{FAE04EC0-301F-11D3-BF4B-00C04F79EFBC}") = "AbeckDev.DbTimetable.Mcp", "AbeckDev.DbTimetable.Mcp\AbeckDev.DbTimetable.Mcp.csproj", "{B227F67C-ADC2-4508-8B5E-A35D03207228}"
EndProject
Project("{FAE04EC0-301F-11D3-BF4B-00C04F79EFBC}") = "AbeckDev.DbTimetable.Mcp.Test", "AbeckDev.DbTimetable.Mcp.Test\AbeckDev.DbTimetable.Mcp.Test.csproj", "{5D35B905-9764-4678-84FF-745689BFB2AD}"
EndProject
Global
	GlobalSection(SolutionConfigurationPlatforms) = preSolution
		Debug|Any CPU = Debug|Any CPU
		Debug|x64 = Debug|x64
		Debug|x86 = Debug|x86
		Release|Any CPU = Release|Any CPU
		Release|x64 = Release|x64
		Release|x86 = Release|x86
	EndGlobalSection
	GlobalSection(ProjectConfigurationPlatforms) = postSolution
		{B227F67C-ADC2-4508-8B5E-A35D03207228}.Debug|Any CPU.ActiveCfg = Debug|Any CPU
		{B227F67C-ADC2-4508-8B5E-A35D03207228}.Debug|Any CPU.Build.0 = Debug|Any CPU
		{B227F67C-ADC2-4508-8B5E-A35D03207228}.Debug|x64.ActiveCfg = Debug|Any CPU
		{B227F67C-ADC2-4508-8B5E-A35D03207228}.Debug|x64.Build.0 = Debug|Any CPU
		{B227F67C-ADC2-4508-8B5E-A35D03207228}.Debug|x86.ActiveCfg = Debug|Any CPU
		{B227F67C-ADC2-4508-8B5E-A35D03207228}.Debug|x86.Build.0 = Debug|Any CPU
		{B227F67C-ADC2-4508-8B5E-A35D03207228}.Release|Any CPU.ActiveCfg = Release|Any CPU
		{B227F67C-ADC2-4508-8B5E-A35D03207228}.Release|Any CPU.Build.0 = Release|Any CPU
		{B227F67C-ADC2-4508-8B5E-A35D03207228}.Release|x64.ActiveCfg = Release|Any CPU
		{B227F67C-ADC2-4508-8B5E-A35D03207228}.Release|x64.Build.0 = Release|Any CPU
		{B227F67C-ADC2-4508-8B5E-A35D03207228}.Release|x86.ActiveCfg = Release|Any CPU
		{B227F67C-ADC2-4508-8B5E-A35D03207228}.Release|x86.Build.0 = Release|Any CPU
		{5D35B905-9764-4678-84FF-745689BFB2AD}.Debug|Any CPU.ActiveCfg = Debug|Any CPU
		{5D35B905-9764-4678-84FF-745689BFB2AD}.Debug|Any CPU.Build.0 = Debug|Any CPU
		{5D35B905-9764-4678-84FF-745689BFB2AD}.Debug|x64.ActiveCfg = Debug|Any CPU
		{5D35B905-9764-4678-84FF-745689BFB2AD}.Debug|x64.Build.0 = Debug|Any CPU
		{5D35B905-9764-4678-84FF-745689BFB2AD}.Debug|x86.ActiveCfg = Debug|Any CPU
		{5D35B905-9764-4678-84FF-745689BFB2AD}.Debug|x86.Build.0 = Debug|Any CPU
		{5D35B905-9764-4678-84FF-745689BFB2AD}.Release|Any CPU.ActiveCfg = Release|Any CPU
		{5D35B905-9764-4678-84FF-745689BFB2AD}.Release|Any CPU.Build.0 = Release|Any CPU
		{5D35B905-9764-4678-84FF-745689BFB2AD}.Release|x64.ActiveCfg = Release|Any CPU
		{5D35B905-9764-4678-84FF-745689BFB2AD}.Release|x64.Build.0 = Release|Any CPU
		{5D35B905-9764-4678-84FF-745689BFB2AD}.Release|x86.ActiveCfg = Release|Any CPU
		{5D35B905-9764-4678-84FF-745689BFB2AD}.Release|x86.Build.0 = Release|Any CPU
	EndGlobalSection
	GlobalSection(SolutionProperties) = preSolution
		HideSolutionNode = FALSE
	EndGlobalSection
EndGlobal
